
Microsoft Visual Studio Solution File, Format Version 12.00
# Visual Studio Version 16
VisualStudioVersion = 16.0.29728.190
MinimumVisualStudioVersion = 10.0.40219.1
Project("{FAE04EC0-301F-11D3-BF4B-00C04F79EFBC}") = "MaturitníPrototyp", "MaturitníPrototyp\MaturitníPrototyp.csproj", "{0AED7647-2EF4-4C97-B8E8-5DEBBF7E9339}"
EndProject
Global
	GlobalSection(SolutionConfigurationPlatforms) = preSolution
		Debug|Any CPU = Debug|Any CPU
		Release|Any CPU = Release|Any CPU
	EndGlobalSection
	GlobalSection(ProjectConfigurationPlatforms) = postSolution
		{0AED7647-2EF4-4C97-B8E8-5DEBBF7E9339}.Debug|Any CPU.ActiveCfg = Debug|Any CPU
		{0AED7647-2EF4-4C97-B8E8-5DEBBF7E9339}.Debug|Any CPU.Build.0 = Debug|Any CPU
		{0AED7647-2EF4-4C97-B8E8-5DEBBF7E9339}.Release|Any CPU.ActiveCfg = Release|Any CPU
		{0AED7647-2EF4-4C97-B8E8-5DEBBF7E9339}.Release|Any CPU.Build.0 = Release|Any CPU
	EndGlobalSection
	GlobalSection(SolutionProperties) = preSolution
		HideSolutionNode = FALSE
	EndGlobalSection
	GlobalSection(ExtensibilityGlobals) = postSolution
		SolutionGuid = {F301B39D-7299-450D-B513-ADF80E33DDAF}
	EndGlobalSection
EndGlobal
